// !$*UTF8*$!
{
	archiveVersion = 1;
	classes = {
	};
	objectVersion = 56;
	objects = {

/* Begin PBXBuildFile section */
		4350CC9CD47E070E2E28F919 /* Pods_TwitterTutorial.framework in Frameworks */ = {isa = PBXBuildFile; fileRef = 659914BFBEFC57BD0821E5D4 /* Pods_TwitterTutorial.framework */; };
		4680EFA02AB4692B0035881B /* AppDelegate.swift in Sources */ = {isa = PBXBuildFile; fileRef = 4680EF9F2AB4692B0035881B /* AppDelegate.swift */; };
		4680EFA22AB4692B0035881B /* SceneDelegate.swift in Sources */ = {isa = PBXBuildFile; fileRef = 4680EFA12AB4692B0035881B /* SceneDelegate.swift */; };
		4680EFA72AB4692B0035881B /* Main.storyboard in Resources */ = {isa = PBXBuildFile; fileRef = 4680EFA52AB4692B0035881B /* Main.storyboard */; };
		4680EFA92AB4692C0035881B /* Assets.xcassets in Resources */ = {isa = PBXBuildFile; fileRef = 4680EFA82AB4692C0035881B /* Assets.xcassets */; };
		4680EFAC2AB4692C0035881B /* LaunchScreen.storyboard in Resources */ = {isa = PBXBuildFile; fileRef = 4680EFAA2AB4692C0035881B /* LaunchScreen.storyboard */; };
		4680EFBC2AB46A080035881B /* MainTabController.swift in Sources */ = {isa = PBXBuildFile; fileRef = 4680EFBB2AB46A080035881B /* MainTabController.swift */; };
		4680EFBE2AB46B6C0035881B /* FeedController.swift in Sources */ = {isa = PBXBuildFile; fileRef = 4680EFBD2AB46B6C0035881B /* FeedController.swift */; };
		4680EFC02AB46BB20035881B /* ExploreController.swift in Sources */ = {isa = PBXBuildFile; fileRef = 4680EFBF2AB46BB20035881B /* ExploreController.swift */; };
		4680EFC22AB46BBB0035881B /* NotificationsController.swift in Sources */ = {isa = PBXBuildFile; fileRef = 4680EFC12AB46BBB0035881B /* NotificationsController.swift */; };
		4680EFC42AB46BC90035881B /* ConversationsController.swift in Sources */ = {isa = PBXBuildFile; fileRef = 4680EFC32AB46BC90035881B /* ConversationsController.swift */; };
		4680EFC62AB4746E0035881B /* Extensions.swift in Sources */ = {isa = PBXBuildFile; fileRef = 4680EFC52AB4746E0035881B /* Extensions.swift */; };
		4680EFC92AB47AE60035881B /* LoginController.swift in Sources */ = {isa = PBXBuildFile; fileRef = 4680EFC82AB47AE60035881B /* LoginController.swift */; };
		4680EFCB2AB47B430035881B /* RegistrationController.swift in Sources */ = {isa = PBXBuildFile; fileRef = 4680EFCA2AB47B430035881B /* RegistrationController.swift */; };
		4680EFCD2AB483970035881B /* Utilities.swift in Sources */ = {isa = PBXBuildFile; fileRef = 4680EFCC2AB483970035881B /* Utilities.swift */; };
		4680EFCF2AB4A7690035881B /* GoogleService-Info.plist in Resources */ = {isa = PBXBuildFile; fileRef = 4680EFCE2AB4A7690035881B /* GoogleService-Info.plist */; };
		4680EFD12AB4EE680035881B /* Constants.swift in Sources */ = {isa = PBXBuildFile; fileRef = 4680EFD02AB4EE680035881B /* Constants.swift */; };
		4680EFD32AB4F3F80035881B /* AuthService.swift in Sources */ = {isa = PBXBuildFile; fileRef = 4680EFD22AB4F3F80035881B /* AuthService.swift */; };
		4680EFD52AB5096E0035881B /* UserService.swift in Sources */ = {isa = PBXBuildFile; fileRef = 4680EFD42AB5096E0035881B /* UserService.swift */; };
		4680EFD72AB50C3C0035881B /* User.swift in Sources */ = {isa = PBXBuildFile; fileRef = 4680EFD62AB50C3C0035881B /* User.swift */; };
		4680EFD92AB5226A0035881B /* UploadTweetController.swift in Sources */ = {isa = PBXBuildFile; fileRef = 4680EFD82AB5226A0035881B /* UploadTweetController.swift */; };
		4680EFDB2AB5412C0035881B /* InputTextView.swift in Sources */ = {isa = PBXBuildFile; fileRef = 4680EFDA2AB5412C0035881B /* InputTextView.swift */; };
		4680EFDD2AB545080035881B /* TweetService.swift in Sources */ = {isa = PBXBuildFile; fileRef = 4680EFDC2AB545080035881B /* TweetService.swift */; };
		4680EFDF2AB556B90035881B /* Tweet.swift in Sources */ = {isa = PBXBuildFile; fileRef = 4680EFDE2AB556B90035881B /* Tweet.swift */; };
		4680EFE12AB55E020035881B /* TweetCell.swift in Sources */ = {isa = PBXBuildFile; fileRef = 4680EFE02AB55E020035881B /* TweetCell.swift */; };
		4680EFE32AB58F110035881B /* TweetViewModel.swift in Sources */ = {isa = PBXBuildFile; fileRef = 4680EFE22AB58F110035881B /* TweetViewModel.swift */; };
		4680EFE52AB5A4360035881B /* ProfileController.swift in Sources */ = {isa = PBXBuildFile; fileRef = 4680EFE42AB5A4360035881B /* ProfileController.swift */; };
		4680EFE72AB5A9BF0035881B /* ProfileHeader.swift in Sources */ = {isa = PBXBuildFile; fileRef = 4680EFE62AB5A9BF0035881B /* ProfileHeader.swift */; };
		4680EFE92AB5C50E0035881B /* ProfileFilterView.swift in Sources */ = {isa = PBXBuildFile; fileRef = 4680EFE82AB5C50E0035881B /* ProfileFilterView.swift */; };
		4680EFEB2AB5C81E0035881B /* ProfileFilterCell.swift in Sources */ = {isa = PBXBuildFile; fileRef = 4680EFEA2AB5C81E0035881B /* ProfileFilterCell.swift */; };
		4680EFED2AB5D24E0035881B /* ProfileHeaderViewModel.swift in Sources */ = {isa = PBXBuildFile; fileRef = 4680EFEC2AB5D24D0035881B /* ProfileHeaderViewModel.swift */; };
		4680EFEF2AB6F4680035881B /* UserCell.swift in Sources */ = {isa = PBXBuildFile; fileRef = 4680EFEE2AB6F4680035881B /* UserCell.swift */; };
		469738732AB74DF400E5A739 /* TweetController.swift in Sources */ = {isa = PBXBuildFile; fileRef = 469738722AB74DF400E5A739 /* TweetController.swift */; };
		469738752AB74FF800E5A739 /* TweetHeader.swift in Sources */ = {isa = PBXBuildFile; fileRef = 469738742AB74FF800E5A739 /* TweetHeader.swift */; };
		469738772AB8259700E5A739 /* UploadTweetViewModel.swift in Sources */ = {isa = PBXBuildFile; fileRef = 469738762AB8259700E5A739 /* UploadTweetViewModel.swift */; };
		469738792AB8579700E5A739 /* ActionSheetLauncher.swift in Sources */ = {isa = PBXBuildFile; fileRef = 469738782AB8579700E5A739 /* ActionSheetLauncher.swift */; };
		4697387B2AB8642F00E5A739 /* ActionSheetCell.swift in Sources */ = {isa = PBXBuildFile; fileRef = 4697387A2AB8642F00E5A739 /* ActionSheetCell.swift */; };
		4697387D2AB86A3200E5A739 /* ActionSheetViewModel.swift in Sources */ = {isa = PBXBuildFile; fileRef = 4697387C2AB86A3100E5A739 /* ActionSheetViewModel.swift */; };
		4697387F2AB8B3AA00E5A739 /* Notification.swift in Sources */ = {isa = PBXBuildFile; fileRef = 4697387E2AB8B3AA00E5A739 /* Notification.swift */; };
		469738812AB8B66700E5A739 /* NotificationService.swift in Sources */ = {isa = PBXBuildFile; fileRef = 469738802AB8B66700E5A739 /* NotificationService.swift */; };
		469738832AB8C63800E5A739 /* NotificationCell.swift in Sources */ = {isa = PBXBuildFile; fileRef = 469738822AB8C63800E5A739 /* NotificationCell.swift */; };
		469738852AB9478300E5A739 /* NotificationViewModel.swift in Sources */ = {isa = PBXBuildFile; fileRef = 469738842AB9478200E5A739 /* NotificationViewModel.swift */; };
		469738872ABB496000E5A739 /* EditProfileController.swift in Sources */ = {isa = PBXBuildFile; fileRef = 469738862ABB496000E5A739 /* EditProfileController.swift */; };
		4697388A2ABB4CD200E5A739 /* EditProfileHeader.swift in Sources */ = {isa = PBXBuildFile; fileRef = 469738892ABB4CD200E5A739 /* EditProfileHeader.swift */; };
		4697388C2ABB688700E5A739 /* EditProfileViewModel.swift in Sources */ = {isa = PBXBuildFile; fileRef = 4697388B2ABB688700E5A739 /* EditProfileViewModel.swift */; };
		4697388E2ABB690600E5A739 /* EditProfileCell.swift in Sources */ = {isa = PBXBuildFile; fileRef = 4697388D2ABB690600E5A739 /* EditProfileCell.swift */; };
/* End PBXBuildFile section */

/* Begin PBXFileReference section */
		4680EF9C2AB4692B0035881B /* TwitterTutorial.app */ = {isa = PBXFileReference; explicitFileType = wrapper.application; includeInIndex = 0; path = TwitterTutorial.app; sourceTree = BUILT_PRODUCTS_DIR; };
		4680EF9F2AB4692B0035881B /* AppDelegate.swift */ = {isa = PBXFileReference; lastKnownFileType = sourcecode.swift; path = AppDelegate.swift; sourceTree = "<group>"; };
		4680EFA12AB4692B0035881B /* SceneDelegate.swift */ = {isa = PBXFileReference; lastKnownFileType = sourcecode.swift; path = SceneDelegate.swift; sourceTree = "<group>"; };
		4680EFA62AB4692B0035881B /* Base */ = {isa = PBXFileReference; lastKnownFileType = file.storyboard; name = Base; path = Base.lproj/Main.storyboard; sourceTree = "<group>"; };
		4680EFA82AB4692C0035881B /* Assets.xcassets */ = {isa = PBXFileReference; lastKnownFileType = folder.assetcatalog; path = Assets.xcassets; sourceTree = "<group>"; };
		4680EFAB2AB4692C0035881B /* Base */ = {isa = PBXFileReference; lastKnownFileType = file.storyboard; name = Base; path = Base.lproj/LaunchScreen.storyboard; sourceTree = "<group>"; };
		4680EFAD2AB4692C0035881B /* Info.plist */ = {isa = PBXFileReference; lastKnownFileType = text.plist.xml; path = Info.plist; sourceTree = "<group>"; };
		4680EFBB2AB46A080035881B /* MainTabController.swift */ = {isa = PBXFileReference; lastKnownFileType = sourcecode.swift; path = MainTabController.swift; sourceTree = "<group>"; };
		4680EFBD2AB46B6C0035881B /* FeedController.swift */ = {isa = PBXFileReference; lastKnownFileType = sourcecode.swift; path = FeedController.swift; sourceTree = "<group>"; };
		4680EFBF2AB46BB20035881B /* ExploreController.swift */ = {isa = PBXFileReference; lastKnownFileType = sourcecode.swift; path = ExploreController.swift; sourceTree = "<group>"; };
		4680EFC12AB46BBB0035881B /* NotificationsController.swift */ = {isa = PBXFileReference; lastKnownFileType = sourcecode.swift; path = NotificationsController.swift; sourceTree = "<group>"; };
		4680EFC32AB46BC90035881B /* ConversationsController.swift */ = {isa = PBXFileReference; lastKnownFileType = sourcecode.swift; path = ConversationsController.swift; sourceTree = "<group>"; };
		4680EFC52AB4746E0035881B /* Extensions.swift */ = {isa = PBXFileReference; lastKnownFileType = sourcecode.swift; path = Extensions.swift; sourceTree = "<group>"; };
		4680EFC82AB47AE60035881B /* LoginController.swift */ = {isa = PBXFileReference; lastKnownFileType = sourcecode.swift; path = LoginController.swift; sourceTree = "<group>"; };
		4680EFCA2AB47B430035881B /* RegistrationController.swift */ = {isa = PBXFileReference; lastKnownFileType = sourcecode.swift; path = RegistrationController.swift; sourceTree = "<group>"; };
		4680EFCC2AB483970035881B /* Utilities.swift */ = {isa = PBXFileReference; lastKnownFileType = sourcecode.swift; path = Utilities.swift; sourceTree = "<group>"; };
		4680EFCE2AB4A7690035881B /* GoogleService-Info.plist */ = {isa = PBXFileReference; lastKnownFileType = text.plist; path = "GoogleService-Info.plist"; sourceTree = SOURCE_ROOT; };
		4680EFD02AB4EE680035881B /* Constants.swift */ = {isa = PBXFileReference; lastKnownFileType = sourcecode.swift; path = Constants.swift; sourceTree = "<group>"; };
		4680EFD22AB4F3F80035881B /* AuthService.swift */ = {isa = PBXFileReference; lastKnownFileType = sourcecode.swift; path = AuthService.swift; sourceTree = "<group>"; };
		4680EFD42AB5096E0035881B /* UserService.swift */ = {isa = PBXFileReference; lastKnownFileType = sourcecode.swift; path = UserService.swift; sourceTree = "<group>"; };
		4680EFD62AB50C3C0035881B /* User.swift */ = {isa = PBXFileReference; lastKnownFileType = sourcecode.swift; path = User.swift; sourceTree = "<group>"; };
		4680EFD82AB5226A0035881B /* UploadTweetController.swift */ = {isa = PBXFileReference; lastKnownFileType = sourcecode.swift; path = UploadTweetController.swift; sourceTree = "<group>"; };
		4680EFDA2AB5412C0035881B /* InputTextView.swift */ = {isa = PBXFileReference; lastKnownFileType = sourcecode.swift; path = InputTextView.swift; sourceTree = "<group>"; };
		4680EFDC2AB545080035881B /* TweetService.swift */ = {isa = PBXFileReference; lastKnownFileType = sourcecode.swift; path = TweetService.swift; sourceTree = "<group>"; };
		4680EFDE2AB556B90035881B /* Tweet.swift */ = {isa = PBXFileReference; lastKnownFileType = sourcecode.swift; path = Tweet.swift; sourceTree = "<group>"; };
		4680EFE02AB55E020035881B /* TweetCell.swift */ = {isa = PBXFileReference; lastKnownFileType = sourcecode.swift; path = TweetCell.swift; sourceTree = "<group>"; };
		4680EFE22AB58F110035881B /* TweetViewModel.swift */ = {isa = PBXFileReference; lastKnownFileType = sourcecode.swift; path = TweetViewModel.swift; sourceTree = "<group>"; };
		4680EFE42AB5A4360035881B /* ProfileController.swift */ = {isa = PBXFileReference; lastKnownFileType = sourcecode.swift; path = ProfileController.swift; sourceTree = "<group>"; };
		4680EFE62AB5A9BF0035881B /* ProfileHeader.swift */ = {isa = PBXFileReference; lastKnownFileType = sourcecode.swift; path = ProfileHeader.swift; sourceTree = "<group>"; };
		4680EFE82AB5C50E0035881B /* ProfileFilterView.swift */ = {isa = PBXFileReference; lastKnownFileType = sourcecode.swift; path = ProfileFilterView.swift; sourceTree = "<group>"; };
		4680EFEA2AB5C81E0035881B /* ProfileFilterCell.swift */ = {isa = PBXFileReference; lastKnownFileType = sourcecode.swift; path = ProfileFilterCell.swift; sourceTree = "<group>"; };
		4680EFEC2AB5D24D0035881B /* ProfileHeaderViewModel.swift */ = {isa = PBXFileReference; lastKnownFileType = sourcecode.swift; path = ProfileHeaderViewModel.swift; sourceTree = "<group>"; };
		4680EFEE2AB6F4680035881B /* UserCell.swift */ = {isa = PBXFileReference; lastKnownFileType = sourcecode.swift; path = UserCell.swift; sourceTree = "<group>"; };
		469738722AB74DF400E5A739 /* TweetController.swift */ = {isa = PBXFileReference; lastKnownFileType = sourcecode.swift; path = TweetController.swift; sourceTree = "<group>"; };
		469738742AB74FF800E5A739 /* TweetHeader.swift */ = {isa = PBXFileReference; lastKnownFileType = sourcecode.swift; path = TweetHeader.swift; sourceTree = "<group>"; };
		469738762AB8259700E5A739 /* UploadTweetViewModel.swift */ = {isa = PBXFileReference; lastKnownFileType = sourcecode.swift; path = UploadTweetViewModel.swift; sourceTree = "<group>"; };
		469738782AB8579700E5A739 /* ActionSheetLauncher.swift */ = {isa = PBXFileReference; lastKnownFileType = sourcecode.swift; path = ActionSheetLauncher.swift; sourceTree = "<group>"; };
		4697387A2AB8642F00E5A739 /* ActionSheetCell.swift */ = {isa = PBXFileReference; lastKnownFileType = sourcecode.swift; path = ActionSheetCell.swift; sourceTree = "<group>"; };
		4697387C2AB86A3100E5A739 /* ActionSheetViewModel.swift */ = {isa = PBXFileReference; lastKnownFileType = sourcecode.swift; path = ActionSheetViewModel.swift; sourceTree = "<group>"; };
		4697387E2AB8B3AA00E5A739 /* Notification.swift */ = {isa = PBXFileReference; lastKnownFileType = sourcecode.swift; path = Notification.swift; sourceTree = "<group>"; };
		469738802AB8B66700E5A739 /* NotificationService.swift */ = {isa = PBXFileReference; lastKnownFileType = sourcecode.swift; path = NotificationService.swift; sourceTree = "<group>"; };
		469738822AB8C63800E5A739 /* NotificationCell.swift */ = {isa = PBXFileReference; lastKnownFileType = sourcecode.swift; path = NotificationCell.swift; sourceTree = "<group>"; };
		469738842AB9478200E5A739 /* NotificationViewModel.swift */ = {isa = PBXFileReference; lastKnownFileType = sourcecode.swift; path = NotificationViewModel.swift; sourceTree = "<group>"; };
		469738862ABB496000E5A739 /* EditProfileController.swift */ = {isa = PBXFileReference; lastKnownFileType = sourcecode.swift; path = EditProfileController.swift; sourceTree = "<group>"; };
		469738892ABB4CD200E5A739 /* EditProfileHeader.swift */ = {isa = PBXFileReference; lastKnownFileType = sourcecode.swift; path = EditProfileHeader.swift; sourceTree = "<group>"; };
		4697388B2ABB688700E5A739 /* EditProfileViewModel.swift */ = {isa = PBXFileReference; lastKnownFileType = sourcecode.swift; path = EditProfileViewModel.swift; sourceTree = "<group>"; };
		4697388D2ABB690600E5A739 /* EditProfileCell.swift */ = {isa = PBXFileReference; lastKnownFileType = sourcecode.swift; path = EditProfileCell.swift; sourceTree = "<group>"; };
		659914BFBEFC57BD0821E5D4 /* Pods_TwitterTutorial.framework */ = {isa = PBXFileReference; explicitFileType = wrapper.framework; includeInIndex = 0; path = Pods_TwitterTutorial.framework; sourceTree = BUILT_PRODUCTS_DIR; };
		6D5CF6CDE9EC5F89997F8507 /* Pods-TwitterTutorial.debug.xcconfig */ = {isa = PBXFileReference; includeInIndex = 1; lastKnownFileType = text.xcconfig; name = "Pods-TwitterTutorial.debug.xcconfig"; path = "Target Support Files/Pods-TwitterTutorial/Pods-TwitterTutorial.debug.xcconfig"; sourceTree = "<group>"; };
		E051A5BCBED8521CABFBD8EA /* Pods-TwitterTutorial.release.xcconfig */ = {isa = PBXFileReference; includeInIndex = 1; lastKnownFileType = text.xcconfig; name = "Pods-TwitterTutorial.release.xcconfig"; path = "Target Support Files/Pods-TwitterTutorial/Pods-TwitterTutorial.release.xcconfig"; sourceTree = "<group>"; };
/* End PBXFileReference section */

/* Begin PBXFrameworksBuildPhase section */
		4680EF992AB4692B0035881B /* Frameworks */ = {
			isa = PBXFrameworksBuildPhase;
			buildActionMask = 2147483647;
			files = (
				4350CC9CD47E070E2E28F919 /* Pods_TwitterTutorial.framework in Frameworks */,
			);
			runOnlyForDeploymentPostprocessing = 0;
		};
/* End PBXFrameworksBuildPhase section */

/* Begin PBXGroup section */
		325C8062B01C8D6F0797E73C /* Frameworks */ = {
			isa = PBXGroup;
			children = (
				659914BFBEFC57BD0821E5D4 /* Pods_TwitterTutorial.framework */,
			);
			name = Frameworks;
			sourceTree = "<group>";
		};
		4680EF932AB4692B0035881B = {
			isa = PBXGroup;
			children = (
				4680EF9E2AB4692B0035881B /* TwitterTutorial */,
				4680EF9D2AB4692B0035881B /* Products */,
				78329343D123AE7B8EB1998C /* Pods */,
				325C8062B01C8D6F0797E73C /* Frameworks */,
			);
			sourceTree = "<group>";
		};
		4680EF9D2AB4692B0035881B /* Products */ = {
			isa = PBXGroup;
			children = (
				4680EF9C2AB4692B0035881B /* TwitterTutorial.app */,
			);
			name = Products;
			sourceTree = "<group>";
		};
		4680EF9E2AB4692B0035881B /* TwitterTutorial */ = {
			isa = PBXGroup;
			children = (
				4680EFB82AB4696C0035881B /* Model */,
				4680EFB72AB4696A0035881B /* View */,
				4680EFB62AB469660035881B /* ViewModel */,
				4680EFB52AB469630035881B /* Controller */,
				4680EFB42AB469600035881B /* API */,
				4680EFB32AB469500035881B /* Utils */,
				4680EF9F2AB4692B0035881B /* AppDelegate.swift */,
				4680EFA12AB4692B0035881B /* SceneDelegate.swift */,
				4680EFA52AB4692B0035881B /* Main.storyboard */,
				4680EFA82AB4692C0035881B /* Assets.xcassets */,
				4680EFAA2AB4692C0035881B /* LaunchScreen.storyboard */,
				4680EFAD2AB4692C0035881B /* Info.plist */,
				4680EFCE2AB4A7690035881B /* GoogleService-Info.plist */,
			);
			path = TwitterTutorial;
			sourceTree = "<group>";
		};
		4680EFB32AB469500035881B /* Utils */ = {
			isa = PBXGroup;
			children = (
				4680EFC52AB4746E0035881B /* Extensions.swift */,
				4680EFCC2AB483970035881B /* Utilities.swift */,
				4680EFD02AB4EE680035881B /* Constants.swift */,
				469738782AB8579700E5A739 /* ActionSheetLauncher.swift */,
			);
			path = Utils;
			sourceTree = "<group>";
		};
		4680EFB42AB469600035881B /* API */ = {
			isa = PBXGroup;
			children = (
				4680EFD22AB4F3F80035881B /* AuthService.swift */,
				4680EFD42AB5096E0035881B /* UserService.swift */,
				4680EFDC2AB545080035881B /* TweetService.swift */,
				469738802AB8B66700E5A739 /* NotificationService.swift */,
			);
			path = API;
			sourceTree = "<group>";
		};
		4680EFB52AB469630035881B /* Controller */ = {
			isa = PBXGroup;
			children = (
				4680EFC72AB47AD60035881B /* Authentication */,
				4680EFBB2AB46A080035881B /* MainTabController.swift */,
				4680EFBD2AB46B6C0035881B /* FeedController.swift */,
				4680EFBF2AB46BB20035881B /* ExploreController.swift */,
				4680EFC12AB46BBB0035881B /* NotificationsController.swift */,
				4680EFC32AB46BC90035881B /* ConversationsController.swift */,
				4680EFD82AB5226A0035881B /* UploadTweetController.swift */,
				469738722AB74DF400E5A739 /* TweetController.swift */,
				4680EFE42AB5A4360035881B /* ProfileController.swift */,
				469738862ABB496000E5A739 /* EditProfileController.swift */,
			);
			path = Controller;
			sourceTree = "<group>";
		};
		4680EFB62AB469660035881B /* ViewModel */ = {
			isa = PBXGroup;
			children = (
				4680EFE22AB58F110035881B /* TweetViewModel.swift */,
				4680EFEC2AB5D24D0035881B /* ProfileHeaderViewModel.swift */,
				469738762AB8259700E5A739 /* UploadTweetViewModel.swift */,
				4697387C2AB86A3100E5A739 /* ActionSheetViewModel.swift */,
				469738842AB9478200E5A739 /* NotificationViewModel.swift */,
				4697388B2ABB688700E5A739 /* EditProfileViewModel.swift */,
			);
			path = ViewModel;
			sourceTree = "<group>";
		};
		4680EFB72AB4696A0035881B /* View */ = {
			isa = PBXGroup;
			children = (
				469738882ABB4CA700E5A739 /* Profile */,
				4680EFDA2AB5412C0035881B /* InputTextView.swift */,
				4680EFE02AB55E020035881B /* TweetCell.swift */,
				4680EFEE2AB6F4680035881B /* UserCell.swift */,
				469738742AB74FF800E5A739 /* TweetHeader.swift */,
				4697387A2AB8642F00E5A739 /* ActionSheetCell.swift */,
				469738822AB8C63800E5A739 /* NotificationCell.swift */,
			);
			path = View;
			sourceTree = "<group>";
		};
		4680EFB82AB4696C0035881B /* Model */ = {
			isa = PBXGroup;
			children = (
				4680EFD62AB50C3C0035881B /* User.swift */,
				4680EFDE2AB556B90035881B /* Tweet.swift */,
				4697387E2AB8B3AA00E5A739 /* Notification.swift */,
			);
			path = Model;
			sourceTree = "<group>";
		};
		4680EFC72AB47AD60035881B /* Authentication */ = {
			isa = PBXGroup;
			children = (
				4680EFC82AB47AE60035881B /* LoginController.swift */,
				4680EFCA2AB47B430035881B /* RegistrationController.swift */,
			);
			path = Authentication;
			sourceTree = "<group>";
		};
		469738882ABB4CA700E5A739 /* Profile */ = {
			isa = PBXGroup;
			children = (
				4680EFE82AB5C50E0035881B /* ProfileFilterView.swift */,
				4680EFE62AB5A9BF0035881B /* ProfileHeader.swift */,
				4680EFEA2AB5C81E0035881B /* ProfileFilterCell.swift */,
				469738892ABB4CD200E5A739 /* EditProfileHeader.swift */,
				4697388D2ABB690600E5A739 /* EditProfileCell.swift */,
			);
			name = Profile;
			sourceTree = "<group>";
		};
		78329343D123AE7B8EB1998C /* Pods */ = {
			isa = PBXGroup;
			children = (
				6D5CF6CDE9EC5F89997F8507 /* Pods-TwitterTutorial.debug.xcconfig */,
				E051A5BCBED8521CABFBD8EA /* Pods-TwitterTutorial.release.xcconfig */,
			);
			path = Pods;
			sourceTree = "<group>";
		};
/* End PBXGroup section */

/* Begin PBXNativeTarget section */
		4680EF9B2AB4692B0035881B /* TwitterTutorial */ = {
			isa = PBXNativeTarget;
			buildConfigurationList = 4680EFB02AB4692C0035881B /* Build configuration list for PBXNativeTarget "TwitterTutorial" */;
			buildPhases = (
				E880B24C99E1C3EA5C170B57 /* [CP] Check Pods Manifest.lock */,
				4680EF982AB4692B0035881B /* Sources */,
				4680EF992AB4692B0035881B /* Frameworks */,
				4680EF9A2AB4692B0035881B /* Resources */,
				B1253DED08631C49D257A633 /* [CP] Embed Pods Frameworks */,
			);
			buildRules = (
			);
			dependencies = (
			);
			name = TwitterTutorial;
			productName = TwitterTutorial;
			productReference = 4680EF9C2AB4692B0035881B /* TwitterTutorial.app */;
			productType = "com.apple.product-type.application";
		};
/* End PBXNativeTarget section */

/* Begin PBXProject section */
		4680EF942AB4692B0035881B /* Project object */ = {
			isa = PBXProject;
			attributes = {
				BuildIndependentTargetsInParallel = 1;
				LastSwiftUpdateCheck = 1430;
				LastUpgradeCheck = 1430;
				TargetAttributes = {
					4680EF9B2AB4692B0035881B = {
						CreatedOnToolsVersion = 14.3.1;
					};
				};
			};
			buildConfigurationList = 4680EF972AB4692B0035881B /* Build configuration list for PBXProject "TwitterTutorial" */;
			compatibilityVersion = "Xcode 14.0";
			developmentRegion = en;
			hasScannedForEncodings = 0;
			knownRegions = (
				en,
				Base,
			);
			mainGroup = 4680EF932AB4692B0035881B;
			productRefGroup = 4680EF9D2AB4692B0035881B /* Products */;
			projectDirPath = "";
			projectRoot = "";
			targets = (
				4680EF9B2AB4692B0035881B /* TwitterTutorial */,
			);
		};
/* End PBXProject section */

/* Begin PBXResourcesBuildPhase section */
		4680EF9A2AB4692B0035881B /* Resources */ = {
			isa = PBXResourcesBuildPhase;
			buildActionMask = 2147483647;
			files = (
				4680EFAC2AB4692C0035881B /* LaunchScreen.storyboard in Resources */,
				4680EFCF2AB4A7690035881B /* GoogleService-Info.plist in Resources */,
				4680EFA92AB4692C0035881B /* Assets.xcassets in Resources */,
				4680EFA72AB4692B0035881B /* Main.storyboard in Resources */,
			);
			runOnlyForDeploymentPostprocessing = 0;
		};
/* End PBXResourcesBuildPhase section */

/* Begin PBXShellScriptBuildPhase section */
		B1253DED08631C49D257A633 /* [CP] Embed Pods Frameworks */ = {
			isa = PBXShellScriptBuildPhase;
			buildActionMask = 2147483647;
			files = (
			);
			inputFileListPaths = (
				"${PODS_ROOT}/Target Support Files/Pods-TwitterTutorial/Pods-TwitterTutorial-frameworks-${CONFIGURATION}-input-files.xcfilelist",
			);
			name = "[CP] Embed Pods Frameworks";
			outputFileListPaths = (
				"${PODS_ROOT}/Target Support Files/Pods-TwitterTutorial/Pods-TwitterTutorial-frameworks-${CONFIGURATION}-output-files.xcfilelist",
			);
			runOnlyForDeploymentPostprocessing = 0;
			shellPath = /bin/sh;
			shellScript = "\"${PODS_ROOT}/Target Support Files/Pods-TwitterTutorial/Pods-TwitterTutorial-frameworks.sh\"\n";
			showEnvVarsInLog = 0;
		};
		E880B24C99E1C3EA5C170B57 /* [CP] Check Pods Manifest.lock */ = {
			isa = PBXShellScriptBuildPhase;
			buildActionMask = 2147483647;
			files = (
			);
			inputFileListPaths = (
			);
			inputPaths = (
				"${PODS_PODFILE_DIR_PATH}/Podfile.lock",
				"${PODS_ROOT}/Manifest.lock",
			);
			name = "[CP] Check Pods Manifest.lock";
			outputFileListPaths = (
			);
			outputPaths = (
				"$(DERIVED_FILE_DIR)/Pods-TwitterTutorial-checkManifestLockResult.txt",
			);
			runOnlyForDeploymentPostprocessing = 0;
			shellPath = /bin/sh;
			shellScript = "diff \"${PODS_PODFILE_DIR_PATH}/Podfile.lock\" \"${PODS_ROOT}/Manifest.lock\" > /dev/null\nif [ $? != 0 ] ; then\n    # print error to STDERR\n    echo \"error: The sandbox is not in sync with the Podfile.lock. Run 'pod install' or update your CocoaPods installation.\" >&2\n    exit 1\nfi\n# This output is used by Xcode 'outputs' to avoid re-running this script phase.\necho \"SUCCESS\" > \"${SCRIPT_OUTPUT_FILE_0}\"\n";
			showEnvVarsInLog = 0;
		};
/* End PBXShellScriptBuildPhase section */

/* Begin PBXSourcesBuildPhase section */
		4680EF982AB4692B0035881B /* Sources */ = {
			isa = PBXSourcesBuildPhase;
			buildActionMask = 2147483647;
			files = (
				4680EFD52AB5096E0035881B /* UserService.swift in Sources */,
				4680EFC22AB46BBB0035881B /* NotificationsController.swift in Sources */,
				4680EFDB2AB5412C0035881B /* InputTextView.swift in Sources */,
				4680EFEB2AB5C81E0035881B /* ProfileFilterCell.swift in Sources */,
				4680EFC42AB46BC90035881B /* ConversationsController.swift in Sources */,
				4680EFEF2AB6F4680035881B /* UserCell.swift in Sources */,
				4680EFCD2AB483970035881B /* Utilities.swift in Sources */,
				469738872ABB496000E5A739 /* EditProfileController.swift in Sources */,
				4697387B2AB8642F00E5A739 /* ActionSheetCell.swift in Sources */,
				4680EFA02AB4692B0035881B /* AppDelegate.swift in Sources */,
				469738852AB9478300E5A739 /* NotificationViewModel.swift in Sources */,
				4680EFC62AB4746E0035881B /* Extensions.swift in Sources */,
				469738732AB74DF400E5A739 /* TweetController.swift in Sources */,
				4680EFE52AB5A4360035881B /* ProfileController.swift in Sources */,
				469738772AB8259700E5A739 /* UploadTweetViewModel.swift in Sources */,
				4680EFE72AB5A9BF0035881B /* ProfileHeader.swift in Sources */,
				4697388E2ABB690600E5A739 /* EditProfileCell.swift in Sources */,
				4680EFE12AB55E020035881B /* TweetCell.swift in Sources */,
				4680EFC92AB47AE60035881B /* LoginController.swift in Sources */,
				4697387F2AB8B3AA00E5A739 /* Notification.swift in Sources */,
				4680EFD32AB4F3F80035881B /* AuthService.swift in Sources */,
				4680EFED2AB5D24E0035881B /* ProfileHeaderViewModel.swift in Sources */,
				4680EFD92AB5226A0035881B /* UploadTweetController.swift in Sources */,
				4680EFD72AB50C3C0035881B /* User.swift in Sources */,
				4697388A2ABB4CD200E5A739 /* EditProfileHeader.swift in Sources */,
				4680EFC02AB46BB20035881B /* ExploreController.swift in Sources */,
				4680EFA22AB4692B0035881B /* SceneDelegate.swift in Sources */,
				469738812AB8B66700E5A739 /* NotificationService.swift in Sources */,
				4680EFBC2AB46A080035881B /* MainTabController.swift in Sources */,
				469738752AB74FF800E5A739 /* TweetHeader.swift in Sources */,
				4680EFE32AB58F110035881B /* TweetViewModel.swift in Sources */,
				4697387D2AB86A3200E5A739 /* ActionSheetViewModel.swift in Sources */,
				469738832AB8C63800E5A739 /* NotificationCell.swift in Sources */,
				4697388C2ABB688700E5A739 /* EditProfileViewModel.swift in Sources */,
				4680EFCB2AB47B430035881B /* RegistrationController.swift in Sources */,
				4680EFBE2AB46B6C0035881B /* FeedController.swift in Sources */,
				4680EFD12AB4EE680035881B /* Constants.swift in Sources */,
				4680EFDF2AB556B90035881B /* Tweet.swift in Sources */,
				469738792AB8579700E5A739 /* ActionSheetLauncher.swift in Sources */,
				4680EFDD2AB545080035881B /* TweetService.swift in Sources */,
				4680EFE92AB5C50E0035881B /* ProfileFilterView.swift in Sources */,
			);
			runOnlyForDeploymentPostprocessing = 0;
		};
/* End PBXSourcesBuildPhase section */

/* Begin PBXVariantGroup section */
		4680EFA52AB4692B0035881B /* Main.storyboard */ = {
			isa = PBXVariantGroup;
			children = (
				4680EFA62AB4692B0035881B /* Base */,
			);
			name = Main.storyboard;
			sourceTree = "<group>";
		};
		4680EFAA2AB4692C0035881B /* LaunchScreen.storyboard */ = {
			isa = PBXVariantGroup;
			children = (
				4680EFAB2AB4692C0035881B /* Base */,
			);
			name = LaunchScreen.storyboard;
			sourceTree = "<group>";
		};
/* End PBXVariantGroup section */

/* Begin XCBuildConfiguration section */
		4680EFAE2AB4692C0035881B /* Debug */ = {
			isa = XCBuildConfiguration;
			buildSettings = {
				ALWAYS_SEARCH_USER_PATHS = NO;
				CLANG_ANALYZER_NONNULL = YES;
				CLANG_ANALYZER_NUMBER_OBJECT_CONVERSION = YES_AGGRESSIVE;
				CLANG_CXX_LANGUAGE_STANDARD = "gnu++20";
				CLANG_ENABLE_MODULES = YES;
				CLANG_ENABLE_OBJC_ARC = YES;
				CLANG_ENABLE_OBJC_WEAK = YES;
				CLANG_WARN_BLOCK_CAPTURE_AUTORELEASING = YES;
				CLANG_WARN_BOOL_CONVERSION = YES;
				CLANG_WARN_COMMA = YES;
				CLANG_WARN_CONSTANT_CONVERSION = YES;
				CLANG_WARN_DEPRECATED_OBJC_IMPLEMENTATIONS = YES;
				CLANG_WARN_DIRECT_OBJC_ISA_USAGE = YES_ERROR;
				CLANG_WARN_DOCUMENTATION_COMMENTS = YES;
				CLANG_WARN_EMPTY_BODY = YES;
				CLANG_WARN_ENUM_CONVERSION = YES;
				CLANG_WARN_INFINITE_RECURSION = YES;
				CLANG_WARN_INT_CONVERSION = YES;
				CLANG_WARN_NON_LITERAL_NULL_CONVERSION = YES;
				CLANG_WARN_OBJC_IMPLICIT_RETAIN_SELF = YES;
				CLANG_WARN_OBJC_LITERAL_CONVERSION = YES;
				CLANG_WARN_OBJC_ROOT_CLASS = YES_ERROR;
				CLANG_WARN_QUOTED_INCLUDE_IN_FRAMEWORK_HEADER = YES;
				CLANG_WARN_RANGE_LOOP_ANALYSIS = YES;
				CLANG_WARN_STRICT_PROTOTYPES = YES;
				CLANG_WARN_SUSPICIOUS_MOVE = YES;
				CLANG_WARN_UNGUARDED_AVAILABILITY = YES_AGGRESSIVE;
				CLANG_WARN_UNREACHABLE_CODE = YES;
				CLANG_WARN__DUPLICATE_METHOD_MATCH = YES;
				COPY_PHASE_STRIP = NO;
				DEBUG_INFORMATION_FORMAT = dwarf;
				ENABLE_STRICT_OBJC_MSGSEND = YES;
				ENABLE_TESTABILITY = YES;
				GCC_C_LANGUAGE_STANDARD = gnu11;
				GCC_DYNAMIC_NO_PIC = NO;
				GCC_NO_COMMON_BLOCKS = YES;
				GCC_OPTIMIZATION_LEVEL = 0;
				GCC_PREPROCESSOR_DEFINITIONS = (
					"DEBUG=1",
					"$(inherited)",
				);
				GCC_WARN_64_TO_32_BIT_CONVERSION = YES;
				GCC_WARN_ABOUT_RETURN_TYPE = YES_ERROR;
				GCC_WARN_UNDECLARED_SELECTOR = YES;
				GCC_WARN_UNINITIALIZED_AUTOS = YES_AGGRESSIVE;
				GCC_WARN_UNUSED_FUNCTION = YES;
				GCC_WARN_UNUSED_VARIABLE = YES;
				IPHONEOS_DEPLOYMENT_TARGET = 16.4;
				MTL_ENABLE_DEBUG_INFO = INCLUDE_SOURCE;
				MTL_FAST_MATH = YES;
				ONLY_ACTIVE_ARCH = YES;
				SDKROOT = iphoneos;
				SWIFT_ACTIVE_COMPILATION_CONDITIONS = DEBUG;
				SWIFT_OPTIMIZATION_LEVEL = "-Onone";
			};
			name = Debug;
		};
		4680EFAF2AB4692C0035881B /* Release */ = {
			isa = XCBuildConfiguration;
			buildSettings = {
				ALWAYS_SEARCH_USER_PATHS = NO;
				CLANG_ANALYZER_NONNULL = YES;
				CLANG_ANALYZER_NUMBER_OBJECT_CONVERSION = YES_AGGRESSIVE;
				CLANG_CXX_LANGUAGE_STANDARD = "gnu++20";
				CLANG_ENABLE_MODULES = YES;
				CLANG_ENABLE_OBJC_ARC = YES;
				CLANG_ENABLE_OBJC_WEAK = YES;
				CLANG_WARN_BLOCK_CAPTURE_AUTORELEASING = YES;
				CLANG_WARN_BOOL_CONVERSION = YES;
				CLANG_WARN_COMMA = YES;
				CLANG_WARN_CONSTANT_CONVERSION = YES;
				CLANG_WARN_DEPRECATED_OBJC_IMPLEMENTATIONS = YES;
				CLANG_WARN_DIRECT_OBJC_ISA_USAGE = YES_ERROR;
				CLANG_WARN_DOCUMENTATION_COMMENTS = YES;
				CLANG_WARN_EMPTY_BODY = YES;
				CLANG_WARN_ENUM_CONVERSION = YES;
				CLANG_WARN_INFINITE_RECURSION = YES;
				CLANG_WARN_INT_CONVERSION = YES;
				CLANG_WARN_NON_LITERAL_NULL_CONVERSION = YES;
				CLANG_WARN_OBJC_IMPLICIT_RETAIN_SELF = YES;
				CLANG_WARN_OBJC_LITERAL_CONVERSION = YES;
				CLANG_WARN_OBJC_ROOT_CLASS = YES_ERROR;
				CLANG_WARN_QUOTED_INCLUDE_IN_FRAMEWORK_HEADER = YES;
				CLANG_WARN_RANGE_LOOP_ANALYSIS = YES;
				CLANG_WARN_STRICT_PROTOTYPES = YES;
				CLANG_WARN_SUSPICIOUS_MOVE = YES;
				CLANG_WARN_UNGUARDED_AVAILABILITY = YES_AGGRESSIVE;
				CLANG_WARN_UNREACHABLE_CODE = YES;
				CLANG_WARN__DUPLICATE_METHOD_MATCH = YES;
				COPY_PHASE_STRIP = NO;
				DEBUG_INFORMATION_FORMAT = "dwarf-with-dsym";
				ENABLE_NS_ASSERTIONS = NO;
				ENABLE_STRICT_OBJC_MSGSEND = YES;
				GCC_C_LANGUAGE_STANDARD = gnu11;
				GCC_NO_COMMON_BLOCKS = YES;
				GCC_WARN_64_TO_32_BIT_CONVERSION = YES;
				GCC_WARN_ABOUT_RETURN_TYPE = YES_ERROR;
				GCC_WARN_UNDECLARED_SELECTOR = YES;
				GCC_WARN_UNINITIALIZED_AUTOS = YES_AGGRESSIVE;
				GCC_WARN_UNUSED_FUNCTION = YES;
				GCC_WARN_UNUSED_VARIABLE = YES;
				IPHONEOS_DEPLOYMENT_TARGET = 16.4;
				MTL_ENABLE_DEBUG_INFO = NO;
				MTL_FAST_MATH = YES;
				SDKROOT = iphoneos;
				SWIFT_COMPILATION_MODE = wholemodule;
				SWIFT_OPTIMIZATION_LEVEL = "-O";
				VALIDATE_PRODUCT = YES;
			};
			name = Release;
		};
		4680EFB12AB4692C0035881B /* Debug */ = {
			isa = XCBuildConfiguration;
			baseConfigurationReference = 6D5CF6CDE9EC5F89997F8507 /* Pods-TwitterTutorial.debug.xcconfig */;
			buildSettings = {
				ASSETCATALOG_COMPILER_APPICON_NAME = AppIcon;
				ASSETCATALOG_COMPILER_GLOBAL_ACCENT_COLOR_NAME = AccentColor;
				CODE_SIGN_STYLE = Automatic;
				CURRENT_PROJECT_VERSION = 1;
				DEVELOPMENT_TEAM = 7K76RWRQBL;
				GENERATE_INFOPLIST_FILE = YES;
				INFOPLIST_FILE = TwitterTutorial/Info.plist;
				INFOPLIST_KEY_UIApplicationSupportsIndirectInputEvents = YES;
				INFOPLIST_KEY_UILaunchStoryboardName = LaunchScreen;
				INFOPLIST_KEY_UIMainStoryboardFile = Main;
				INFOPLIST_KEY_UISupportedInterfaceOrientations_iPad = "UIInterfaceOrientationPortrait UIInterfaceOrientationPortraitUpsideDown UIInterfaceOrientationLandscapeLeft UIInterfaceOrientationLandscapeRight";
				INFOPLIST_KEY_UISupportedInterfaceOrientations_iPhone = "UIInterfaceOrientationPortrait UIInterfaceOrientationLandscapeLeft UIInterfaceOrientationLandscapeRight";
				LD_RUNPATH_SEARCH_PATHS = (
					"$(inherited)",
					"@executable_path/Frameworks",
				);
				MARKETING_VERSION = 1.0;
				PRODUCT_BUNDLE_IDENTIFIER = com.jaeHyeonLim9298.TwitterTutorial;
				PRODUCT_NAME = "$(TARGET_NAME)";
				SWIFT_EMIT_LOC_STRINGS = YES;
				SWIFT_VERSION = 5.0;
				TARGETED_DEVICE_FAMILY = "1,2";
			};
			name = Debug;
		};
		4680EFB22AB4692C0035881B /* Release */ = {
			isa = XCBuildConfiguration;
			baseConfigurationReference = E051A5BCBED8521CABFBD8EA /* Pods-TwitterTutorial.release.xcconfig */;
			buildSettings = {
				ASSETCATALOG_COMPILER_APPICON_NAME = AppIcon;
				ASSETCATALOG_COMPILER_GLOBAL_ACCENT_COLOR_NAME = AccentColor;
				CODE_SIGN_STYLE = Automatic;
				CURRENT_PROJECT_VERSION = 1;
				DEVELOPMENT_TEAM = 7K76RWRQBL;
				GENERATE_INFOPLIST_FILE = YES;
				INFOPLIST_FILE = TwitterTutorial/Info.plist;
				INFOPLIST_KEY_UIApplicationSupportsIndirectInputEvents = YES;
				INFOPLIST_KEY_UILaunchStoryboardName = LaunchScreen;
				INFOPLIST_KEY_UIMainStoryboardFile = Main;
				INFOPLIST_KEY_UISupportedInterfaceOrientations_iPad = "UIInterfaceOrientationPortrait UIInterfaceOrientationPortraitUpsideDown UIInterfaceOrientationLandscapeLeft UIInterfaceOrientationLandscapeRight";
				INFOPLIST_KEY_UISupportedInterfaceOrientations_iPhone = "UIInterfaceOrientationPortrait UIInterfaceOrientationLandscapeLeft UIInterfaceOrientationLandscapeRight";
				LD_RUNPATH_SEARCH_PATHS = (
					"$(inherited)",
					"@executable_path/Frameworks",
				);
				MARKETING_VERSION = 1.0;
				PRODUCT_BUNDLE_IDENTIFIER = com.jaeHyeonLim9298.TwitterTutorial;
				PRODUCT_NAME = "$(TARGET_NAME)";
				SWIFT_EMIT_LOC_STRINGS = YES;
				SWIFT_VERSION = 5.0;
				TARGETED_DEVICE_FAMILY = "1,2";
			};
			name = Release;
		};
/* End XCBuildConfiguration section */

/* Begin XCConfigurationList section */
		4680EF972AB4692B0035881B /* Build configuration list for PBXProject "TwitterTutorial" */ = {
			isa = XCConfigurationList;
			buildConfigurations = (
				4680EFAE2AB4692C0035881B /* Debug */,
				4680EFAF2AB4692C0035881B /* Release */,
			);
			defaultConfigurationIsVisible = 0;
			defaultConfigurationName = Release;
		};
		4680EFB02AB4692C0035881B /* Build configuration list for PBXNativeTarget "TwitterTutorial" */ = {
			isa = XCConfigurationList;
			buildConfigurations = (
				4680EFB12AB4692C0035881B /* Debug */,
				4680EFB22AB4692C0035881B /* Release */,
			);
			defaultConfigurationIsVisible = 0;
			defaultConfigurationName = Release;
		};
/* End XCConfigurationList section */
	};
	rootObject = 4680EF942AB4692B0035881B /* Project object */;
}
